
Microsoft Visual Studio Solution File, Format Version 12.00
# Visual Studio Version 17
VisualStudioVersion = 17.5.33424.131
MinimumVisualStudioVersion = 10.0.40219.1
Project("{FAE04EC0-301F-11D3-BF4B-00C04F79EFBC}") = "ChefAssistantWebApp", "ChefAssistantWebApp\ChefAssistantWebApp.csproj", "{82C99906-73B4-4694-9C86-4386FB2E7143}"
EndProject
Global
	GlobalSection(SolutionConfigurationPlatforms) = preSolution
		Debug|Any CPU = Debug|Any CPU
		Release|Any CPU = Release|Any CPU
	EndGlobalSection
	GlobalSection(ProjectConfigurationPlatforms) = postSolution
		{82C99906-73B4-4694-9C86-4386FB2E7143}.Debug|Any CPU.ActiveCfg = Debug|Any CPU
		{82C99906-73B4-4694-9C86-4386FB2E7143}.Debug|Any CPU.Build.0 = Debug|Any CPU
		{82C99906-73B4-4694-9C86-4386FB2E7143}.Release|Any CPU.ActiveCfg = Release|Any CPU
		{82C99906-73B4-4694-9C86-4386FB2E7143}.Release|Any CPU.Build.0 = Release|Any CPU
	EndGlobalSection
	GlobalSection(SolutionProperties) = preSolution
		HideSolutionNode = FALSE
	EndGlobalSection
	GlobalSection(ExtensibilityGlobals) = postSolution
		SolutionGuid = {F6917635-1EAC-444F-BBDF-044BFFB28F0B}
	EndGlobalSection
EndGlobal
